// !$*UTF8*$!
{
	archiveVersion = 1;
	classes = {
	};
	objectVersion = 46;
	objects = {

/* Begin PBXBuildFile section */
		6625705F1D0C903E0015BE61 /* AppDelegate.swift in Sources */ = {isa = PBXBuildFile; fileRef = 6625705E1D0C903E0015BE61 /* AppDelegate.swift */; };
		662570611D0C903E0015BE61 /* ViewController.swift in Sources */ = {isa = PBXBuildFile; fileRef = 662570601D0C903E0015BE61 /* ViewController.swift */; };
		662570641D0C903E0015BE61 /* Main.storyboard in Resources */ = {isa = PBXBuildFile; fileRef = 662570621D0C903E0015BE61 /* Main.storyboard */; };
		662570661D0C903E0015BE61 /* Assets.xcassets in Resources */ = {isa = PBXBuildFile; fileRef = 662570651D0C903E0015BE61 /* Assets.xcassets */; };
		662570691D0C903E0015BE61 /* LaunchScreen.storyboard in Resources */ = {isa = PBXBuildFile; fileRef = 662570671D0C903E0015BE61 /* LaunchScreen.storyboard */; };
/* End PBXBuildFile section */

/* Begin PBXFileReference section */
		6625705B1D0C903E0015BE61 /* GooglePlaces.app */ = {isa = PBXFileReference; explicitFileType = wrapper.application; includeInIndex = 0; path = GooglePlaces.app; sourceTree = BUILT_PRODUCTS_DIR; };
		6625705E1D0C903E0015BE61 /* AppDelegate.swift */ = {isa = PBXFileReference; lastKnownFileType = sourcecode.swift; path = AppDelegate.swift; sourceTree = "<group>"; };
		662570601D0C903E0015BE61 /* ViewController.swift */ = {isa = PBXFileReference; lastKnownFileType = sourcecode.swift; path = ViewController.swift; sourceTree = "<group>"; };
		662570631D0C903E0015BE61 /* Base */ = {isa = PBXFileReference; lastKnownFileType = file.storyboard; name = Base; path = Base.lproj/Main.storyboard; sourceTree = "<group>"; };
		662570651D0C903E0015BE61 /* Assets.xcassets */ = {isa = PBXFileReference; lastKnownFileType = folder.assetcatalog; path = Assets.xcassets; sourceTree = "<group>"; };
		662570681D0C903E0015BE61 /* Base */ = {isa = PBXFileReference; lastKnownFileType = file.storyboard; name = Base; path = Base.lproj/LaunchScreen.storyboard; sourceTree = "<group>"; };
		6625706A1D0C903E0015BE61 /* Info.plist */ = {isa = PBXFileReference; lastKnownFileType = text.plist.xml; path = Info.plist; sourceTree = "<group>"; };
/* End PBXFileReference section */

/* Begin PBXFrameworksBuildPhase section */
		662570581D0C903E0015BE61 /* Frameworks */ = {
			isa = PBXFrameworksBuildPhase;
			buildActionMask = 2147483647;
			files = (
			);
			runOnlyForDeploymentPostprocessing = 0;
		};
/* End PBXFrameworksBuildPhase section */

/* Begin PBXGroup section */
		662570521D0C903E0015BE61 = {
			isa = PBXGroup;
			children = (
				6625705D1D0C903E0015BE61 /* GooglePlaces */,
				6625705C1D0C903E0015BE61 /* Products */,
			);
			sourceTree = "<group>";
		};
		6625705C1D0C903E0015BE61 /* Products */ = {
			isa = PBXGroup;
			children = (
				6625705B1D0C903E0015BE61 /* GooglePlaces.app */,
			);
			name = Products;
			sourceTree = "<group>";
		};
		6625705D1D0C903E0015BE61 /* GooglePlaces */ = {
			isa = PBXGroup;
			children = (
				6625705E1D0C903E0015BE61 /* AppDelegate.swift */,
				662570601D0C903E0015BE61 /* ViewController.swift */,
				662570621D0C903E0015BE61 /* Main.storyboard */,
				662570651D0C903E0015BE61 /* Assets.xcassets */,
				662570671D0C903E0015BE61 /* LaunchScreen.storyboard */,
				6625706A1D0C903E0015BE61 /* Info.plist */,
			);
			path = GooglePlaces;
			sourceTree = "<group>";
		};
/* End PBXGroup section */

/* Begin PBXNativeTarget section */
		6625705A1D0C903E0015BE61 /* GooglePlaces */ = {
			isa = PBXNativeTarget;
			buildConfigurationList = 6625706D1D0C903E0015BE61 /* Build configuration list for PBXNativeTarget "GooglePlaces" */;
			buildPhases = (
				662570571D0C903E0015BE61 /* Sources */,
				662570581D0C903E0015BE61 /* Frameworks */,
				662570591D0C903E0015BE61 /* Resources */,
			);
			buildRules = (
			);
			dependencies = (
			);
			name = GooglePlaces;
			productName = GooglePlaces;
			productReference = 6625705B1D0C903E0015BE61 /* GooglePlaces.app */;
			productType = "com.apple.product-type.application";
		};
/* End PBXNativeTarget section */

/* Begin PBXProject section */
		662570531D0C903E0015BE61 /* Project object */ = {
			isa = PBXProject;
			attributes = {
				LastSwiftUpdateCheck = 0730;
				LastUpgradeCheck = 0730;
				ORGANIZATIONNAME = "Bondar Yaroslav";
				TargetAttributes = {
					6625705A1D0C903E0015BE61 = {
						CreatedOnToolsVersion = 7.3;
					};
				};
			};
			buildConfigurationList = 662570561D0C903E0015BE61 /* Build configuration list for PBXProject "GooglePlaces" */;
			compatibilityVersion = "Xcode 3.2";
			developmentRegion = English;
			hasScannedForEncodings = 0;
			knownRegions = (
				en,
				Base,
			);
			mainGroup = 662570521D0C903E0015BE61;
			productRefGroup = 6625705C1D0C903E0015BE61 /* Products */;
			projectDirPath = "";
			projectRoot = "";
			targets = (
				6625705A1D0C903E0015BE61 /* GooglePlaces */,
			);
		};
/* End PBXProject section */

/* Begin PBXResourcesBuildPhase section */
		662570591D0C903E0015BE61 /* Resources */ = {
			isa = PBXResourcesBuildPhase;
			buildActionMask = 2147483647;
			files = (
				662570691D0C903E0015BE61 /* LaunchScreen.storyboard in Resources */,
				662570661D0C903E0015BE61 /* Assets.xcassets in Resources */,
				662570641D0C903E0015BE61 /* Main.storyboard in Resources */,
			);
			runOnlyForDeploymentPostprocessing = 0;
		};
/* End PBXResourcesBuildPhase section */

/* Begin PBXSourcesBuildPhase section */
		662570571D0C903E0015BE61 /* Sources */ = {
			isa = PBXSourcesBuildPhase;
			buildActionMask = 2147483647;
			files = (
				662570611D0C903E0015BE61 /* ViewController.swift in Sources */,
				6625705F1D0C903E0015BE61 /* AppDelegate.swift in Sources */,
			);
			runOnlyForDeploymentPostprocessing = 0;
		};
/* End PBXSourcesBuildPhase section */

/* Begin PBXVariantGroup section */
		662570621D0C903E0015BE61 /* Main.storyboard */ = {
			isa = PBXVariantGroup;
			children = (
				662570631D0C903E0015BE61 /* Base */,
			);
			name = Main.storyboard;
			sourceTree = "<group>";
		};
		662570671D0C903E0015BE61 /* LaunchScreen.storyboard */ = {
			isa = PBXVariantGroup;
			children = (
				662570681D0C903E0015BE61 /* Base */,
			);
			name = LaunchScreen.storyboard;
			sourceTree = "<group>";
		};
/* End PBXVariantGroup section */

/* Begin XCBuildConfiguration section */
		6625706B1D0C903E0015BE61 /* Debug */ = {
			isa = XCBuildConfiguration;
			buildSettings = {
				ALWAYS_SEARCH_USER_PATHS = NO;
				CLANG_ANALYZER_NONNULL = YES;
				CLANG_CXX_LANGUAGE_STANDARD = "gnu++0x";
				CLANG_CXX_LIBRARY = "libc++";
				CLANG_ENABLE_MODULES = YES;
				CLANG_ENABLE_OBJC_ARC = YES;
				CLANG_WARN_BOOL_CONVERSION = YES;
				CLANG_WARN_CONSTANT_CONVERSION = YES;
				CLANG_WARN_DIRECT_OBJC_ISA_USAGE = YES_ERROR;
				CLANG_WARN_EMPTY_BODY = YES;
				CLANG_WARN_ENUM_CONVERSION = YES;
				CLANG_WARN_INT_CONVERSION = YES;
				CLANG_WARN_OBJC_ROOT_CLASS = YES_ERROR;
				CLANG_WARN_UNREACHABLE_CODE = YES;
				CLANG_WARN__DUPLICATE_METHOD_MATCH = YES;
				"CODE_SIGN_IDENTITY[sdk=iphoneos*]" = "iPhone Developer";
				COPY_PHASE_STRIP = NO;
				DEBUG_INFORMATION_FORMAT = dwarf;
				ENABLE_STRICT_OBJC_MSGSEND = YES;
				ENABLE_TESTABILITY = YES;
				GCC_C_LANGUAGE_STANDARD = gnu99;
				GCC_DYNAMIC_NO_PIC = NO;
				GCC_NO_COMMON_BLOCKS = YES;
				GCC_OPTIMIZATION_LEVEL = 0;
				GCC_PREPROCESSOR_DEFINITIONS = (
					"DEBUG=1",
					"$(inherited)",
				);
				GCC_WARN_64_TO_32_BIT_CONVERSION = YES;
				GCC_WARN_ABOUT_RETURN_TYPE = YES_ERROR;
				GCC_WARN_UNDECLARED_SELECTOR = YES;
				GCC_WARN_UNINITIALIZED_AUTOS = YES_AGGRESSIVE;
				GCC_WARN_UNUSED_FUNCTION = YES;
				GCC_WARN_UNUSED_VARIABLE = YES;
				IPHONEOS_DEPLOYMENT_TARGET = 9.3;
				MTL_ENABLE_DEBUG_INFO = YES;
				ONLY_ACTIVE_ARCH = YES;
				SDKROOT = iphoneos;
				SWIFT_OPTIMIZATION_LEVEL = "-Onone";
			};
			name = Debug;
		};
		6625706C1D0C903E0015BE61 /* Release */ = {
			isa = XCBuildConfiguration;
			buildSettings = {
				ALWAYS_SEARCH_USER_PATHS = NO;
				CLANG_ANALYZER_NONNULL = YES;
				CLANG_CXX_LANGUAGE_STANDARD = "gnu++0x";
				CLANG_CXX_LIBRARY = "libc++";
				CLANG_ENABLE_MODULES = YES;
				CLANG_ENABLE_OBJC_ARC = YES;
				CLANG_WARN_BOOL_CONVERSION = YES;
				CLANG_WARN_CONSTANT_CONVERSION = YES;
				CLANG_WARN_DIRECT_OBJC_ISA_USAGE = YES_ERROR;
				CLANG_WARN_EMPTY_BODY = YES;
				CLANG_WARN_ENUM_CONVERSION = YES;
				CLANG_WARN_INT_CONVERSION = YES;
				CLANG_WARN_OBJC_ROOT_CLASS = YES_ERROR;
				CLANG_WARN_UNREACHABLE_CODE = YES;
				CLANG_WARN__DUPLICATE_METHOD_MATCH = YES;
				"CODE_SIGN_IDENTITY[sdk=iphoneos*]" = "iPhone Developer";
				COPY_PHASE_STRIP = NO;
				DEBUG_INFORMATION_FORMAT = "dwarf-with-dsym";
				ENABLE_NS_ASSERTIONS = NO;
				ENABLE_STRICT_OBJC_MSGSEND = YES;
				GCC_C_LANGUAGE_STANDARD = gnu99;
				GCC_NO_COMMON_BLOCKS = YES;
				GCC_WARN_64_TO_32_BIT_CONVERSION = YES;
				GCC_WARN_ABOUT_RETURN_TYPE = YES_ERROR;
				GCC_WARN_UNDECLARED_SELECTOR = YES;
				GCC_WARN_UNINITIALIZED_AUTOS = YES_AGGRESSIVE;
				GCC_WARN_UNUSED_FUNCTION = YES;
				GCC_WARN_UNUSED_VARIABLE = YES;
				IPHONEOS_DEPLOYMENT_TARGET = 9.3;
				MTL_ENABLE_DEBUG_INFO = NO;
				SDKROOT = iphoneos;
				VALIDATE_PRODUCT = YES;
			};
			name = Release;
		};
		6625706E1D0C903E0015BE61 /* Debug */ = {
			isa = XCBuildConfiguration;
			buildSettings = {
				ASSETCATALOG_COMPILER_APPICON_NAME = AppIcon;
				INFOPLIST_FILE = GooglePlaces/Info.plist;
				LD_RUNPATH_SEARCH_PATHS = "$(inherited) @executable_path/Frameworks";
				PRODUCT_BUNDLE_IDENTIFIER = BY.GooglePlaces;
				PRODUCT_NAME = "$(TARGET_NAME)";
			};
			name = Debug;
		};
		6625706F1D0C903E0015BE61 /* Release */ = {
			isa = XCBuildConfiguration;
			buildSettings = {
				ASSETCATALOG_COMPILER_APPICON_NAME = AppIcon;
				INFOPLIST_FILE = GooglePlaces/Info.plist;
				LD_RUNPATH_SEARCH_PATHS = "$(inherited) @executable_path/Frameworks";
				PRODUCT_BUNDLE_IDENTIFIER = BY.GooglePlaces;
				PRODUCT_NAME = "$(TARGET_NAME)";
			};
			name = Release;
		};
/* End XCBuildConfiguration section */

/* Begin XCConfigurationList section */
		662570561D0C903E0015BE61 /* Build configuration list for PBXProject "GooglePlaces" */ = {
			isa = XCConfigurationList;
			buildConfigurations = (
				6625706B1D0C903E0015BE61 /* Debug */,
				6625706C1D0C903E0015BE61 /* Release */,
			);
			defaultConfigurationIsVisible = 0;
			defaultConfigurationName = Release;
		};
		6625706D1D0C903E0015BE61 /* Build configuration list for PBXNativeTarget "GooglePlaces" */ = {
			isa = XCConfigurationList;
			buildConfigurations = (
				6625706E1D0C903E0015BE61 /* Debug */,
				6625706F1D0C903E0015BE61 /* Release */,
			);
			defaultConfigurationIsVisible = 0;
		};
/* End XCConfigurationList section */
	};
	rootObject = 662570531D0C903E0015BE61 /* Project object */;
}
